
Microsoft Visual Studio Solution File, Format Version 12.00
# Visual Studio Version 17
VisualStudioVersion = 17.8.34330.188
MinimumVisualStudioVersion = 10.0.40219.1
Project("{9A19103F-16F7-4668-BE54-9A1E7A4F7556}") = "TraitForge", "TraitForge\TraitForge.csproj", "{CA708D50-A8C6-4D93-891E-60E8E70609EF}"
EndProject
Global
	GlobalSection(SolutionConfigurationPlatforms) = preSolution
		Debug|Any CPU = Debug|Any CPU
		Release|Any CPU = Release|Any CPU
	EndGlobalSection
	GlobalSection(ProjectConfigurationPlatforms) = postSolution
		{CA708D50-A8C6-4D93-891E-60E8E70609EF}.Debug|Any CPU.ActiveCfg = Debug|Any CPU
		{CA708D50-A8C6-4D93-891E-60E8E70609EF}.Debug|Any CPU.Build.0 = Debug|Any CPU
		{CA708D50-A8C6-4D93-891E-60E8E70609EF}.Release|Any CPU.ActiveCfg = Release|Any CPU
		{CA708D50-A8C6-4D93-891E-60E8E70609EF}.Release|Any CPU.Build.0 = Release|Any CPU
	EndGlobalSection
	GlobalSection(SolutionProperties) = preSolution
		HideSolutionNode = FALSE
	EndGlobalSection
	GlobalSection(ExtensibilityGlobals) = postSolution
		SolutionGuid = {E864C4B9-9948-4F1F-8E9C-D10733AD8BFE}
	EndGlobalSection
EndGlobal
